
Microsoft Visual Studio Solution File, Format Version 12.00
# Visual Studio Version 16
VisualStudioVersion = 16.0.30204.135
MinimumVisualStudioVersion = 10.0.40219.1
Project("{FAE04EC0-301F-11D3-BF4B-00C04F79EFBC}") = "Ejercicio16", "Ejercicio16\Ejercicio16.csproj", "{C801409A-C901-4844-90F6-66C88D94D9EE}"
EndProject
Global
	GlobalSection(SolutionConfigurationPlatforms) = preSolution
		Debug|Any CPU = Debug|Any CPU
		Release|Any CPU = Release|Any CPU
	EndGlobalSection
	GlobalSection(ProjectConfigurationPlatforms) = postSolution
		{C801409A-C901-4844-90F6-66C88D94D9EE}.Debug|Any CPU.ActiveCfg = Debug|Any CPU
		{C801409A-C901-4844-90F6-66C88D94D9EE}.Debug|Any CPU.Build.0 = Debug|Any CPU
		{C801409A-C901-4844-90F6-66C88D94D9EE}.Release|Any CPU.ActiveCfg = Release|Any CPU
		{C801409A-C901-4844-90F6-66C88D94D9EE}.Release|Any CPU.Build.0 = Release|Any CPU
	EndGlobalSection
	GlobalSection(SolutionProperties) = preSolution
		HideSolutionNode = FALSE
	EndGlobalSection
	GlobalSection(ExtensibilityGlobals) = postSolution
		SolutionGuid = {8CDFA6CF-087A-41DE-8024-B5543A49ECE3}
	EndGlobalSection
EndGlobal
