
Microsoft Visual Studio Solution File, Format Version 12.00
# Visual Studio Version 16
VisualStudioVersion = 16.0.30204.135
MinimumVisualStudioVersion = 10.0.40219.1
Project("{FAE04EC0-301F-11D3-BF4B-00C04F79EFBC}") = "Ejercicio13", "Ejercicio13\Ejercicio13.csproj", "{F027F1E1-B724-4DA4-ADB3-DE7F93C9B167}"
EndProject
Global
	GlobalSection(SolutionConfigurationPlatforms) = preSolution
		Debug|Any CPU = Debug|Any CPU
		Release|Any CPU = Release|Any CPU
	EndGlobalSection
	GlobalSection(ProjectConfigurationPlatforms) = postSolution
		{F027F1E1-B724-4DA4-ADB3-DE7F93C9B167}.Debug|Any CPU.ActiveCfg = Debug|Any CPU
		{F027F1E1-B724-4DA4-ADB3-DE7F93C9B167}.Debug|Any CPU.Build.0 = Debug|Any CPU
		{F027F1E1-B724-4DA4-ADB3-DE7F93C9B167}.Release|Any CPU.ActiveCfg = Release|Any CPU
		{F027F1E1-B724-4DA4-ADB3-DE7F93C9B167}.Release|Any CPU.Build.0 = Release|Any CPU
	EndGlobalSection
	GlobalSection(SolutionProperties) = preSolution
		HideSolutionNode = FALSE
	EndGlobalSection
	GlobalSection(ExtensibilityGlobals) = postSolution
		SolutionGuid = {5BC94919-EBA9-47BB-B41F-569C74A8DC1B}
	EndGlobalSection
EndGlobal
