
Microsoft Visual Studio Solution File, Format Version 12.00
# Visual Studio Version 16
VisualStudioVersion = 16.0.30204.135
MinimumVisualStudioVersion = 10.0.40219.1
Project("{FAE04EC0-301F-11D3-BF4B-00C04F79EFBC}") = "Cai_Ejercicio2", "Cai_Ejercicio2\Cai_Ejercicio2.csproj", "{02BEE5AB-105C-428A-9EA8-34A980E85C9B}"
EndProject
Global
	GlobalSection(SolutionConfigurationPlatforms) = preSolution
		Debug|Any CPU = Debug|Any CPU
		Release|Any CPU = Release|Any CPU
	EndGlobalSection
	GlobalSection(ProjectConfigurationPlatforms) = postSolution
		{02BEE5AB-105C-428A-9EA8-34A980E85C9B}.Debug|Any CPU.ActiveCfg = Debug|Any CPU
		{02BEE5AB-105C-428A-9EA8-34A980E85C9B}.Debug|Any CPU.Build.0 = Debug|Any CPU
		{02BEE5AB-105C-428A-9EA8-34A980E85C9B}.Release|Any CPU.ActiveCfg = Release|Any CPU
		{02BEE5AB-105C-428A-9EA8-34A980E85C9B}.Release|Any CPU.Build.0 = Release|Any CPU
	EndGlobalSection
	GlobalSection(SolutionProperties) = preSolution
		HideSolutionNode = FALSE
	EndGlobalSection
	GlobalSection(ExtensibilityGlobals) = postSolution
		SolutionGuid = {838597C4-8098-403A-856D-F1C3F21FED54}
	EndGlobalSection
EndGlobal
