
Microsoft Visual Studio Solution File, Format Version 12.00
# Visual Studio Version 16
VisualStudioVersion = 16.0.30204.135
MinimumVisualStudioVersion = 10.0.40219.1
Project("{FAE04EC0-301F-11D3-BF4B-00C04F79EFBC}") = "Ejercicio4", "Ejercicio4\Ejercicio4.csproj", "{70898C38-47EE-4816-81F3-6F8B2ABFE9E2}"
EndProject
Global
	GlobalSection(SolutionConfigurationPlatforms) = preSolution
		Debug|Any CPU = Debug|Any CPU
		Release|Any CPU = Release|Any CPU
	EndGlobalSection
	GlobalSection(ProjectConfigurationPlatforms) = postSolution
		{70898C38-47EE-4816-81F3-6F8B2ABFE9E2}.Debug|Any CPU.ActiveCfg = Debug|Any CPU
		{70898C38-47EE-4816-81F3-6F8B2ABFE9E2}.Debug|Any CPU.Build.0 = Debug|Any CPU
		{70898C38-47EE-4816-81F3-6F8B2ABFE9E2}.Release|Any CPU.ActiveCfg = Release|Any CPU
		{70898C38-47EE-4816-81F3-6F8B2ABFE9E2}.Release|Any CPU.Build.0 = Release|Any CPU
	EndGlobalSection
	GlobalSection(SolutionProperties) = preSolution
		HideSolutionNode = FALSE
	EndGlobalSection
	GlobalSection(ExtensibilityGlobals) = postSolution
		SolutionGuid = {FBE0D5C2-DF1D-4481-8EEA-5DD7E3763B56}
	EndGlobalSection
EndGlobal
