
Microsoft Visual Studio Solution File, Format Version 12.00
# Visual Studio Version 16
VisualStudioVersion = 16.0.30204.135
MinimumVisualStudioVersion = 10.0.40219.1
Project("{FAE04EC0-301F-11D3-BF4B-00C04F79EFBC}") = "Ejercicio18", "Ejercicio18\Ejercicio18.csproj", "{DCD26A98-2548-4EDD-B48B-33F5D8A8229C}"
EndProject
Global
	GlobalSection(SolutionConfigurationPlatforms) = preSolution
		Debug|Any CPU = Debug|Any CPU
		Release|Any CPU = Release|Any CPU
	EndGlobalSection
	GlobalSection(ProjectConfigurationPlatforms) = postSolution
		{DCD26A98-2548-4EDD-B48B-33F5D8A8229C}.Debug|Any CPU.ActiveCfg = Debug|Any CPU
		{DCD26A98-2548-4EDD-B48B-33F5D8A8229C}.Debug|Any CPU.Build.0 = Debug|Any CPU
		{DCD26A98-2548-4EDD-B48B-33F5D8A8229C}.Release|Any CPU.ActiveCfg = Release|Any CPU
		{DCD26A98-2548-4EDD-B48B-33F5D8A8229C}.Release|Any CPU.Build.0 = Release|Any CPU
	EndGlobalSection
	GlobalSection(SolutionProperties) = preSolution
		HideSolutionNode = FALSE
	EndGlobalSection
	GlobalSection(ExtensibilityGlobals) = postSolution
		SolutionGuid = {B4988EE1-71A3-437B-95E9-B7AA45E1C142}
	EndGlobalSection
EndGlobal
